
Microsoft Visual Studio Solution File, Format Version 12.00
# Visual Studio Version 16
VisualStudioVersion = 16.0.30907.101
MinimumVisualStudioVersion = 10.0.40219.1
Project("{FAE04EC0-301F-11D3-BF4B-00C04F79EFBC}") = "Resources", "Resources\Resources.csproj", "{2E1B2383-78C2-486F-B80B-D891D13AC852}"
EndProject
Project("{9A19103F-16F7-4668-BE54-9A1E7A4F7556}") = "Model", "Model\Model.csproj", "{50268FD2-A9F9-4515-8296-217F7D0719A0}"
EndProject
Project("{FAE04EC0-301F-11D3-BF4B-00C04F79EFBC}") = "View", "View\View.csproj", "{09E58F74-90C7-4832-90B5-E4C4993D7C3F}"
EndProject
Project("{9A19103F-16F7-4668-BE54-9A1E7A4F7556}") = "GameController", "GameController\GameController.csproj", "{F4FE5886-DD10-4289-84C5-3BBE157F3344}"
EndProject
Project("{9A19103F-16F7-4668-BE54-9A1E7A4F7556}") = "Vector2D", "Vector2D\Vector2D.csproj", "{64F72B9E-1A8C-4F21-948D-F9CA22C6F362}"
EndProject
Global
	GlobalSection(SolutionConfigurationPlatforms) = preSolution
		Debug|Any CPU = Debug|Any CPU
		Release|Any CPU = Release|Any CPU
	EndGlobalSection
	GlobalSection(ProjectConfigurationPlatforms) = postSolution
		{2E1B2383-78C2-486F-B80B-D891D13AC852}.Debug|Any CPU.ActiveCfg = Debug|Any CPU
		{2E1B2383-78C2-486F-B80B-D891D13AC852}.Release|Any CPU.ActiveCfg = Release|Any CPU
		{50268FD2-A9F9-4515-8296-217F7D0719A0}.Debug|Any CPU.ActiveCfg = Debug|Any CPU
		{50268FD2-A9F9-4515-8296-217F7D0719A0}.Debug|Any CPU.Build.0 = Debug|Any CPU
		{50268FD2-A9F9-4515-8296-217F7D0719A0}.Release|Any CPU.ActiveCfg = Release|Any CPU
		{50268FD2-A9F9-4515-8296-217F7D0719A0}.Release|Any CPU.Build.0 = Release|Any CPU
		{09E58F74-90C7-4832-90B5-E4C4993D7C3F}.Debug|Any CPU.ActiveCfg = Debug|Any CPU
		{09E58F74-90C7-4832-90B5-E4C4993D7C3F}.Debug|Any CPU.Build.0 = Debug|Any CPU
		{09E58F74-90C7-4832-90B5-E4C4993D7C3F}.Release|Any CPU.ActiveCfg = Release|Any CPU
		{09E58F74-90C7-4832-90B5-E4C4993D7C3F}.Release|Any CPU.Build.0 = Release|Any CPU
		{F4FE5886-DD10-4289-84C5-3BBE157F3344}.Debug|Any CPU.ActiveCfg = Debug|Any CPU
		{F4FE5886-DD10-4289-84C5-3BBE157F3344}.Debug|Any CPU.Build.0 = Debug|Any CPU
		{F4FE5886-DD10-4289-84C5-3BBE157F3344}.Release|Any CPU.ActiveCfg = Release|Any CPU
		{F4FE5886-DD10-4289-84C5-3BBE157F3344}.Release|Any CPU.Build.0 = Release|Any CPU
		{64F72B9E-1A8C-4F21-948D-F9CA22C6F362}.Debug|Any CPU.ActiveCfg = Debug|Any CPU
		{64F72B9E-1A8C-4F21-948D-F9CA22C6F362}.Debug|Any CPU.Build.0 = Debug|Any CPU
		{64F72B9E-1A8C-4F21-948D-F9CA22C6F362}.Release|Any CPU.ActiveCfg = Release|Any CPU
		{64F72B9E-1A8C-4F21-948D-F9CA22C6F362}.Release|Any CPU.Build.0 = Release|Any CPU
	EndGlobalSection
	GlobalSection(SolutionProperties) = preSolution
		HideSolutionNode = FALSE
	EndGlobalSection
	GlobalSection(ExtensibilityGlobals) = postSolution
		SolutionGuid = {FA0C0032-8D99-48F5-8621-4BA7586FA7CA}
	EndGlobalSection
EndGlobal
